{
  "name": "whatsapp-bot",
  "version": "1.0.0",
  "lockfileVersion": 1,
  "requires": true,
  "dependencies": {
    "@types/express": {
      "version": "4.17.11",
      "resolved": "https://registry.npmjs.org/@types/express/-/express-4.17.11.tgz",
      "integrity": "sha512-w7hYF16msgegV+CY2nLP6wj2OAM4in/Rp4Z1o7qoMxdtmZPU3YplVZYz5T1piuhRXfa4Cv6C68bFyleyRyZJhg==",
      "dev": true,
      "requires": {
        "@types/express-serve-static-core": "4.17.15",
        "@types/range-parser": "1.2.4",
        "@types/serve-static": "1.13.6",
        "querystring": "0.2.1",
        "type-is": "1.6.18"
      }
    },
    "@types/express-serve-static-core": {
      "version": "4.17.15",
      "resolved": "https://registry.npmjs.org/@types/express-serve-static-core/-/express-serve-static-core-4.17.15.tgz",
      "integrity": "sha512-GcT/1eKr8NxKg7yX8vfgGKJ7THV+d8JF6M9Ez3SO4getNu4qR/mfRADz9zjsjEro2FEc+Sb8pe9yngnTq1djgg==",
      "dev": true,
      "requires": {
        "@types/express": "4.17.11",
        "@types/range-parser": "1.2.4",
        "@types/serve-static": "1.13.6",
        "@types/express-serve-static-core": "4.17.15"
      }
    },
    "@types/range-parser": {
      "version": "1.2.4",
      "resolved": "https://registry.npmjs.org/@types/range-parser/-/range-parser-1.2.4.tgz",
      "integrity": "sha512-9J28H9tm+4EWuIDa63xWepOABMuSQj/a9pNU8aIaJM5LRxL9bmq2EkgkqFQ1+fuQa12BU3ikOzIBxRrXH14G0A==",
      "dev": true
    },
    "@types/serve-static": {
      "version": "1.13.6",
      "resolved": "https://registry.npmjs.org/@types/serve-static/-/serve-static-1.13.6.tgz",
      "integrity": "sha512-yw53idA7WZRtZ1M9NLlJMXHDKKV09eaIg8rQUtsVRkWg4z2/JkP8J07tfjEf3XT3iIjGzIWfKU5UqU5YEZqrzg==",
      "dev": true,
      "requires": {
        "@types/express-serve-static-core": "4.17.15"
      }
    },
    "body-parser": {
      "version": "1.19.0",
      "resolved": "https://registry.npmjs.org/body-parser/-/body-parser-1.19.0.tgz",
      "integrity": "sha512-dhEPs72UPbDnAQJ9ZKMNTP6ptJaionhP5cB1o0mnXnMO9Qs14kl6bF73nJDviQ/vAskdNKcD6J++6mH7+MiP9g==",
      "requires": {
        "bytes": "3.1.0",
        "content-type": "1.0.4",
        "debug": "2.6.9",
        "depd": "1.1.2",
        "http-errors": "1.7.3",
        "iconv-lite": "0.4.24",
        "on-finished": "2.3.0",
        "qs": "6.7.0",
        "raw-body": "2.4.0",
        "type-is": "1.6.18"
      },
      "dependencies": {
        "content-type": {
          "version": "1.0.4",
          "resolved": "https://registry.npmjs.org/content-type/-/content-type-1.0.4.tgz",
          "integrity": "sha512-hIP3EEPs8tB9k0+rkKlq3GiO4GYpcZl8dIlXn6UNxpXWYLE07xhOuOIe03SqwfNSnVMGK09xVplg3aB+K0VTPEw=="
        },
        "qs": {
          "version": "6.7.0",
          "resolved": "https://registry.npmjs.org/qs/-/qs-6.7.0.tgz",
          "integrity": "sha1-ODAiRzFrzz4PWH2EXf55jqWjZD8="
        }
      }
    },
    "bytes": {
      "version": "3.1.0",
      "resolved": "https://registry.npmjs.org/byte
